// !$*UTF8*$!
{
	archiveVersion = 1;
	classes = {
	};
	objectVersion = 77;
	objects = {

/* Begin PBXBuildFile section */
		9609F1BC2F6269DE000602C5 /* SwiftSoup in Frameworks */ = {isa = PBXBuildFile; productRef = 9609F1BB2F6269DE000602C5 /* SwiftSoup */; };
		9664396D2F7CC71F00FCCD27 /* WidgetKit.framework in Frameworks */ = {isa = PBXBuildFile; fileRef = 9609F24B2F6AD3C3000602C5 /* WidgetKit.framework */; };
		9664396E2F7CC71F00FCCD27 /* SwiftUI.framework in Frameworks */ = {isa = PBXBuildFile; fileRef = 9609F24D2F6AD3C4000602C5 /* SwiftUI.framework */; };
		9664397F2F7CC72200FCCD27 /* CollegeAppWidgetExtension.appex in Embed Foundation Extensions */ = {isa = PBXBuildFile; fileRef = 9664396C2F7CC71F00FCCD27 /* CollegeAppWidgetExtension.appex */; settings = {ATTRIBUTES = (RemoveHeadersOnCopy, ); }; };
/* End PBXBuildFile section */

/* Begin PBXContainerItemProxy section */
		9609F17F2F6111D8000602C5 /* PBXContainerItemProxy */ = {
			isa = PBXContainerItemProxy;
			containerPortal = 9609F1692F6111D3000602C5 /* Project object */;
			proxyType = 1;
			remoteGlobalIDString = 9609F1702F6111D3000602C5;
			remoteInfo = CollegeApp;
		};
		9609F1892F6111D9000602C5 /* PBXContainerItemProxy */ = {
			isa = PBXContainerItemProxy;
			containerPortal = 9609F1692F6111D3000602C5 /* Project object */;
			proxyType = 1;
			remoteGlobalIDString = 9609F1702F6111D3000602C5;
			remoteInfo = CollegeApp;
		};
		9664397D2F7CC72200FCCD27 /* PBXContainerItemProxy */ = {
			isa = PBXContainerItemProxy;
			containerPortal = 9609F1692F6111D3000602C5 /* Project object */;
			proxyType = 1;
			remoteGlobalIDString = 9664396B2F7CC71F00FCCD27;
			remoteInfo = CollegeAppWidgetExtension;
		};
/* End PBXContainerItemProxy section */

/* Begin PBXCopyFilesBuildPhase section */
		9609F25A2F6AD3C8000602C5 /* Embed Foundation Extensions */ = {
			isa = PBXCopyFilesBuildPhase;
			buildActionMask = 2147483647;
			dstPath = "";
			dstSubfolderSpec = 13;
			files = (
				9664397F2F7CC72200FCCD27 /* CollegeAppWidgetExtension.appex in Embed Foundation Extensions */,
			);
			name = "Embed Foundation Extensions";
			runOnlyForDeploymentPostprocessing = 0;
		};
/* End PBXCopyFilesBuildPhase section */

/* Begin PBXFileReference section */
		9609F1712F6111D3000602C5 /* CollegeApp.app */ = {isa = PBXFileReference; explicitFileType = wrapper.application; includeInIndex = 0; path = CollegeApp.app; sourceTree = BUILT_PRODUCTS_DIR; };
		9609F17E2F6111D8000602C5 /* CollegeAppTests.xctest */ = {isa = PBXFileReference; explicitFileType = wrapper.cfbundle; includeInIndex = 0; path = CollegeAppTests.xctest; sourceTree = BUILT_PRODUCTS_DIR; };
		9609F1882F6111D9000602C5 /* CollegeAppUITests.xctest */ = {isa = PBXFileReference; explicitFileType = wrapper.cfbundle; includeInIndex = 0; path = CollegeAppUITests.xctest; sourceTree = BUILT_PRODUCTS_DIR; };
		9609F24B2F6AD3C3000602C5 /* WidgetKit.framework */ = {isa = PBXFileReference; lastKnownFileType = wrapper.framework; name = WidgetKit.framework; path = System/Library/Frameworks/WidgetKit.framework; sourceTree = SDKROOT; };
		9609F24D2F6AD3C4000602C5 /* SwiftUI.framework */ = {isa = PBXFileReference; lastKnownFileType = wrapper.framework; name = SwiftUI.framework; path = System/Library/Frameworks/SwiftUI.framework; sourceTree = SDKROOT; };
		9664396C2F7CC71F00FCCD27 /* CollegeAppWidgetExtension.appex */ = {isa = PBXFileReference; explicitFileType = "wrapper.app-extension"; includeInIndex = 0; path = CollegeAppWidgetExtension.appex; sourceTree = BUILT_PRODUCTS_DIR; };
		966439842F7CC73300FCCD27 /* CollegeAppWidgetExtension.entitlements */ = {isa = PBXFileReference; lastKnownFileType = text.plist.entitlements; path = CollegeAppWidgetExtension.entitlements; sourceTree = "<group>"; };
/* End PBXFileReference section */

/* Begin PBXFileSystemSynchronizedBuildFileExceptionSet section */
		966439802F7CC72200FCCD27 /* Exceptions for "CollegeAppWidget" folder in "CollegeAppWidgetExtension" target */ = {
			isa = PBXFileSystemSynchronizedBuildFileExceptionSet;
			membershipExceptions = (
				Info.plist,
			);
			target = 9664396B2F7CC71F00FCCD27 /* CollegeAppWidgetExtension */;
		};
		966439882F7CC8B400FCCD27 /* Exceptions for "CollegeApp" folder in "CollegeAppWidgetExtension" target */ = {
			isa = PBXFileSystemSynchronizedBuildFileExceptionSet;
			membershipExceptions = (
				Course/CourseStorage.swift,
			);
			target = 9664396B2F7CC71F00FCCD27 /* CollegeAppWidgetExtension */;
		};
/* End PBXFileSystemSynchronizedBuildFileExceptionSet section */

/* Begin PBXFileSystemSynchronizedRootGroup section */
		9609F1E02F651C66000602C5 /* CollegeApp */ = {
			isa = PBXFileSystemSynchronizedRootGroup;
			exceptions = (
				966439882F7CC8B400FCCD27 /* Exceptions for "CollegeApp" folder in "CollegeAppWidgetExtension" target */,
			);
			path = CollegeApp;
			sourceTree = "<group>";
		};
		9664396F2F7CC71F00FCCD27 /* CollegeAppWidget */ = {
			isa = PBXFileSystemSynchronizedRootGroup;
			exceptions = (
				966439802F7CC72200FCCD27 /* Exceptions for "CollegeAppWidget" folder in "CollegeAppWidgetExtension" target */,
			);
			path = CollegeAppWidget;
			sourceTree = "<group>";
		};
/* End PBXFileSystemSynchronizedRootGroup section */

/* Begin PBXFrameworksBuildPhase section */
		9609F16E2F6111D3000602C5 /* Frameworks */ = {
			isa = PBXFrameworksBuildPhase;
			buildActionMask = 2147483647;
			files = (
				9609F1BC2F6269DE000602C5 /* SwiftSoup in Frameworks */,
			);
			runOnlyForDeploymentPostprocessing = 0;
		};
		9609F17B2F6111D8000602C5 /* Frameworks */ = {
			isa = PBXFrameworksBuildPhase;
			buildActionMask = 2147483647;
			files = (
			);
			runOnlyForDeploymentPostprocessing = 0;
		};
		9609F1852F6111D9000602C5 /* Frameworks */ = {
			isa = PBXFrameworksBuildPhase;
			buildActionMask = 2147483647;
			files = (
			);
			runOnlyForDeploymentPostprocessing = 0;
		};
		966439692F7CC71F00FCCD27 /* Frameworks */ = {
			isa = PBXFrameworksBuildPhase;
			buildActionMask = 2147483647;
			files = (
				9664396E2F7CC71F00FCCD27 /* SwiftUI.framework in Frameworks */,
				9664396D2F7CC71F00FCCD27 /* WidgetKit.framework in Frameworks */,
			);
			runOnlyForDeploymentPostprocessing = 0;
		};
/* End PBXFrameworksBuildPhase section */

/* Begin PBXGroup section */
		9609F1682F6111D3000602C5 = {
			isa = PBXGroup;
			children = (
				966439842F7CC73300FCCD27 /* CollegeAppWidgetExtension.entitlements */,
				9609F1E02F651C66000602C5 /* CollegeApp */,
				9664396F2F7CC71F00FCCD27 /* CollegeAppWidget */,
				9609F24A2F6AD3C3000602C5 /* Frameworks */,
				9609F1722F6111D3000602C5 /* Products */,
			);
			sourceTree = "<group>";
		};
		9609F1722F6111D3000602C5 /* Products */ = {
			isa = PBXGroup;
			children = (
				9609F1712F6111D3000602C5 /* CollegeApp.app */,
				9609F17E2F6111D8000602C5 /* CollegeAppTests.xctest */,
				9609F1882F6111D9000602C5 /* CollegeAppUITests.xctest */,
				9664396C2F7CC71F00FCCD27 /* CollegeAppWidgetExtension.appex */,
			);
			name = Products;
			sourceTree = "<group>";
		};
		9609F24A2F6AD3C3000602C5 /* Frameworks */ = {
			isa = PBXGroup;
			children = (
				9609F24B2F6AD3C3000602C5 /* WidgetKit.framework */,
				9609F24D2F6AD3C4000602C5 /* SwiftUI.framework */,
			);
			name = Frameworks;
			sourceTree = "<group>";
		};
/* End PBXGroup section */

/* Begin PBXNativeTarget section */
		9609F1702F6111D3000602C5 /* CollegeApp */ = {
			isa = PBXNativeTarget;
			buildConfigurationList = 9609F1922F6111D9000602C5 /* Build configuration list for PBXNativeTarget "CollegeApp" */;
			buildPhases = (
				9609F16D2F6111D3000602C5 /* Sources */,
				9609F16E2F6111D3000602C5 /* Frameworks */,
				9609F16F2F6111D3000602C5 /* Resources */,
				9609F25A2F6AD3C8000602C5 /* Embed Foundation Extensions */,
			);
			buildRules = (
			);
			dependencies = (
				9664397E2F7CC72200FCCD27 /* PBXTargetDependency */,
			);
			fileSystemSynchronizedGroups = (
				9609F1E02F651C66000602C5 /* CollegeApp */,
			);
			name = CollegeApp;
			packageProductDependencies = (
				9609F1BB2F6269DE000602C5 /* SwiftSoup */,
			);
			productName = CollegeApp;
			productReference = 9609F1712F6111D3000602C5 /* CollegeApp.app */;
			productType = "com.apple.product-type.application";
		};
		9609F17D2F6111D8000602C5 /* CollegeAppTests */ = {
			isa = PBXNativeTarget;
			buildConfigurationList = 9609F1952F6111D9000602C5 /* Build configuration list for PBXNativeTarget "CollegeAppTests" */;
			buildPhases = (
				9609F17A2F6111D8000602C5 /* Sources */,
				9609F17B2F6111D8000602C5 /* Frameworks */,
				9609F17C2F6111D8000602C5 /* Resources */,
			);
			buildRules = (
			);
			dependencies = (
				9609F1802F6111D8000602C5 /* PBXTargetDependency */,
			);
			name = CollegeAppTests;
			packageProductDependencies = (
			);
			productName = CollegeAppTests;
			productReference = 9609F17E2F6111D8000602C5 /* CollegeAppTests.xctest */;
			productType = "com.apple.product-type.bundle.unit-test";
		};
		9609F1872F6111D9000602C5 /* CollegeAppUITests */ = {
			isa = PBXNativeTarget;
			buildConfigurationList = 9609F1982F6111D9000602C5 /* Build configuration list for PBXNativeTarget "CollegeAppUITests" */;
			buildPhases = (
				9609F1842F6111D9000602C5 /* Sources */,
				9609F1852F6111D9000602C5 /* Frameworks */,
				9609F1862F6111D9000602C5 /* Resources */,
			);
			buildRules = (
			);
			dependencies = (
				9609F18A2F6111D9000602C5 /* PBXTargetDependency */,
			);
			name = CollegeAppUITests;
			packageProductDependencies = (
			);
			productName = CollegeAppUITests;
			productReference = 9609F1882F6111D9000602C5 /* CollegeAppUITests.xctest */;
			productType = "com.apple.product-type.bundle.ui-testing";
		};
		9664396B2F7CC71F00FCCD27 /* CollegeAppWidgetExtension */ = {
			isa = PBXNativeTarget;
			buildConfigurationList = 966439812F7CC72200FCCD27 /* Build configuration list for PBXNativeTarget "CollegeAppWidgetExtension" */;
			buildPhases = (
				966439682F7CC71F00FCCD27 /* Sources */,
				966439692F7CC71F00FCCD27 /* Frameworks */,
				9664396A2F7CC71F00FCCD27 /* Resources */,
			);
			buildRules = (
			);
			dependencies = (
			);
			fileSystemSynchronizedGroups = (
				9664396F2F7CC71F00FCCD27 /* CollegeAppWidget */,
			);
			name = CollegeAppWidgetExtension;
			packageProductDependencies = (
			);
			productName = CollegeAppWidgetExtension;
			productReference = 9664396C2F7CC71F00FCCD27 /* CollegeAppWidgetExtension.appex */;
			productType = "com.apple.product-type.app-extension";
		};
/* End PBXNativeTarget section */

/* Begin PBXProject section */
		9609F1692F6111D3000602C5 /* Project object */ = {
			isa = PBXProject;
			attributes = {
				BuildIndependentTargetsInParallel = 1;
				LastSwiftUpdateCheck = 2620;
				LastUpgradeCheck = 2620;
				TargetAttributes = {
					9609F1702F6111D3000602C5 = {
						CreatedOnToolsVersion = 26.2;
					};
					9609F17D2F6111D8000602C5 = {
						CreatedOnToolsVersion = 26.2;
						TestTargetID = 9609F1702F6111D3000602C5;
					};
					9609F1872F6111D9000602C5 = {
						CreatedOnToolsVersion = 26.2;
						TestTargetID = 9609F1702F6111D3000602C5;
					};
					9664396B2F7CC71F00FCCD27 = {
						CreatedOnToolsVersion = 26.2;
					};
				};
			};
			buildConfigurationList = 9609F16C2F6111D3000602C5 /* Build configuration list for PBXProject "CollegeApp" */;
			developmentRegion = en;
			hasScannedForEncodings = 0;
			knownRegions = (
				en,
				Base,
			);
			mainGroup = 9609F1682F6111D3000602C5;
			minimizedProjectReferenceProxies = 1;
			packageReferences = (
				9609F1B92F6267EB000602C5 /* XCRemoteSwiftPackageReference "SwiftSoup" */,
			);
			preferredProjectObjectVersion = 77;
			productRefGroup = 9609F1722F6111D3000602C5 /* Products */;
			projectDirPath = "";
			projectRoot = "";
			targets = (
				9609F1702F6111D3000602C5 /* CollegeApp */,
				9609F17D2F6111D8000602C5 /* CollegeAppTests */,
				9609F1872F6111D9000602C5 /* CollegeAppUITests */,
				9664396B2F7CC71F00FCCD27 /* CollegeAppWidgetExtension */,
			);
		};
/* End PBXProject section */

/* Begin PBXResourcesBuildPhase section */
		9609F16F2F6111D3000602C5 /* Resources */ = {
			isa = PBXResourcesBuildPhase;
			buildActionMask = 2147483647;
			files = (
			);
			runOnlyForDeploymentPostprocessing = 0;
		};
		9609F17C2F6111D8000602C5 /* Resources */ = {
			isa = PBXResourcesBuildPhase;
			buildActionMask = 2147483647;
			files = (
			);
			runOnlyForDeploymentPostprocessing = 0;
		};
		9609F1862F6111D9000602C5 /* Resources */ = {
			isa = PBXResourcesBuildPhase;
			buildActionMask = 2147483647;
			files = (
			);
			runOnlyForDeploymentPostprocessing = 0;
		};
		9664396A2F7CC71F00FCCD27 /* Resources */ = {
			isa = PBXResourcesBuildPhase;
			buildActionMask = 2147483647;
			files = (
			);
			runOnlyForDeploymentPostprocessing = 0;
		};
/* End PBXResourcesBuildPhase section */

/* Begin PBXSourcesBuildPhase section */
		9609F16D2F6111D3000602C5 /* Sources */ = {
			isa = PBXSourcesBuildPhase;
			buildActionMask = 2147483647;
			files = (
			);
			runOnlyForDeploymentPostprocessing = 0;
		};
		9609F17A2F6111D8000602C5 /* Sources */ = {
			isa = PBXSourcesBuildPhase;
			buildActionMask = 2147483647;
			files = (
			);
			runOnlyForDeploymentPostprocessing = 0;
		};
		9609F1842F6111D9000602C5 /* Sources */ = {
			isa = PBXSourcesBuildPhase;
			buildActionMask = 2147483647;
			files = (
			);
			runOnlyForDeploymentPostprocessing = 0;
		};
		966439682F7CC71F00FCCD27 /* Sources */ = {
			isa = PBXSourcesBuildPhase;
			buildActionMask = 2147483647;
			files = (
			);
			runOnlyForDeploymentPostprocessing = 0;
		};
/* End PBXSourcesBuildPhase section */

/* Begin PBXTargetDependency section */
		9609F1802F6111D8000602C5 /* PBXTargetDependency */ = {
			isa = PBXTargetDependency;
			target = 9609F1702F6111D3000602C5 /* CollegeApp */;
			targetProxy = 9609F17F2F6111D8000602C5 /* PBXContainerItemProxy */;
		};
		9609F18A2F6111D9000602C5 /* PBXTargetDependency */ = {
			isa = PBXTargetDependency;
			target = 9609F1702F6111D3000602C5 /* CollegeApp */;
			targetProxy = 9609F1892F6111D9000602C5 /* PBXContainerItemProxy */;
		};
		9664397E2F7CC72200FCCD27 /* PBXTargetDependency */ = {
			isa = PBXTargetDependency;
			target = 9664396B2F7CC71F00FCCD27 /* CollegeAppWidgetExtension */;
			targetProxy = 9664397D2F7CC72200FCCD27 /* PBXContainerItemProxy */;
		};
/* End PBXTargetDependency section */

/* Begin XCBuildConfiguration section */
		9609F1902F6111D9000602C5 /* Debug */ = {
			isa = XCBuildConfiguration;
			buildSettings = {
				ALWAYS_SEARCH_USER_PATHS = NO;
				ASSETCATALOG_COMPILER_GENERATE_SWIFT_ASSET_SYMBOL_EXTENSIONS = YES;
				CLANG_ANALYZER_NONNULL = YES;
				CLANG_ANALYZER_NUMBER_OBJECT_CONVERSION = YES_AGGRESSIVE;
				CLANG_CXX_LANGUAGE_STANDARD = "gnu++20";
				CLANG_ENABLE_MODULES = YES;
				CLANG_ENABLE_OBJC_ARC = YES;
				CLANG_ENABLE_OBJC_WEAK = YES;
				CLANG_WARN_BLOCK_CAPTURE_AUTORELEASING = YES;
				CLANG_WARN_BOOL_CONVERSION = YES;
				CLANG_WARN_COMMA = YES;
				CLANG_WARN_CONSTANT_CONVERSION = YES;
				CLANG_WARN_DEPRECATED_OBJC_IMPLEMENTATIONS = YES;
				CLANG_WARN_DIRECT_OBJC_ISA_USAGE = YES_ERROR;
				CLANG_WARN_DOCUMENTATION_COMMENTS = YES;
				CLANG_WARN_EMPTY_BODY = YES;
				CLANG_WARN_ENUM_CONVERSION = YES;
				CLANG_WARN_INFINITE_RECURSION = YES;
				CLANG_WARN_INT_CONVERSION = YES;
				CLANG_WARN_NON_LITERAL_NULL_CONVERSION = YES;
				CLANG_WARN_OBJC_IMPLICIT_RETAIN_SELF = YES;
				CLANG_WARN_OBJC_LITERAL_CONVERSION = YES;
				CLANG_WARN_OBJC_ROOT_CLASS = YES_ERROR;
				CLANG_WARN_QUOTED_INCLUDE_IN_FRAMEWORK_HEADER = YES;
				CLANG_WARN_RANGE_LOOP_ANALYSIS = YES;
				CLANG_WARN_STRICT_PROTOTYPES = YES;
				CLANG_WARN_SUSPICIOUS_MOVE = YES;
				CLANG_WARN_UNGUARDED_AVAILABILITY = YES_AGGRESSIVE;
				CLANG_WARN_UNREACHABLE_CODE = YES;
				CLANG_WARN__DUPLICATE_METHOD_MATCH = YES;
				COPY_PHASE_STRIP = NO;
				DEBUG_INFORMATION_FORMAT = dwarf;
				DEVELOPMENT_TEAM = 32M3HGS7LU;
				ENABLE_STRICT_OBJC_MSGSEND = YES;
				ENABLE_TESTABILITY = YES;
				ENABLE_USER_SCRIPT_SANDBOXING = YES;
				GCC_C_LANGUAGE_STANDARD = gnu17;
				GCC_DYNAMIC_NO_PIC = NO;
				GCC_NO_COMMON_BLOCKS = YES;
				GCC_OPTIMIZATION_LEVEL = 0;
				GCC_PREPROCESSOR_DEFINITIONS = (
					"DEBUG=1",
					"$(inherited)",
				);
				GCC_WARN_64_TO_32_BIT_CONVERSION = YES;
				GCC_WARN_ABOUT_RETURN_TYPE = YES_ERROR;
				GCC_WARN_UNDECLARED_SELECTOR = YES;
				GCC_WARN_UNINITIALIZED_AUTOS = YES_AGGRESSIVE;
				GCC_WARN_UNUSED_FUNCTION = YES;
				GCC_WARN_UNUSED_VARIABLE = YES;
				IPHONEOS_DEPLOYMENT_TARGET = 26.2;
				LOCALIZATION_PREFERS_STRING_CATALOGS = YES;
				MTL_ENABLE_DEBUG_INFO = INCLUDE_SOURCE;
				MTL_FAST_MATH = YES;
				ONLY_ACTIVE_ARCH = YES;
				SDKROOT = iphoneos;
				SWIFT_ACTIVE_COMPILATION_CONDITIONS = "DEBUG $(inherited)";
				SWIFT_OPTIMIZATION_LEVEL = "-Onone";
			};
			name = Debug;
		};
		9609F1912F6111D9000602C5 /* Release */ = {
			isa = XCBuildConfiguration;
			buildSettings = {
				ALWAYS_SEARCH_USER_PATHS = NO;
				ASSETCATALOG_COMPILER_GENERATE_SWIFT_ASSET_SYMBOL_EXTENSIONS = YES;
				CLANG_ANALYZER_NONNULL = YES;
				CLANG_ANALYZER_NUMBER_OBJECT_CONVERSION = YES_AGGRESSIVE;
				CLANG_CXX_LANGUAGE_STANDARD = "gnu++20";
				CLANG_ENABLE_MODULES = YES;
				CLANG_ENABLE_OBJC_ARC = YES;
				CLANG_ENABLE_OBJC_WEAK = YES;
				CLANG_WARN_BLOCK_CAPTURE_AUTORELEASING = YES;
				CLANG_WARN_BOOL_CONVERSION = YES;
				CLANG_WARN_COMMA = YES;
				CLANG_WARN_CONSTANT_CONVERSION = YES;
				CLANG_WARN_DEPRECATED_OBJC_IMPLEMENTATIONS = YES;
				CLANG_WARN_DIRECT_OBJC_ISA_USAGE = YES_ERROR;
				CLANG_WARN_DOCUMENTATION_COMMENTS = YES;
				CLANG_WARN_EMPTY_BODY = YES;
				CLANG_WARN_ENUM_CONVERSION = YES;
				CLANG_WARN_INFINITE_RECURSION = YES;
				CLANG_WARN_INT_CONVERSION = YES;
				CLANG_WARN_NON_LITERAL_NULL_CONVERSION = YES;
				CLANG_WARN_OBJC_IMPLICIT_RETAIN_SELF = YES;
				CLANG_WARN_OBJC_LITERAL_CONVERSION = YES;
				CLANG_WARN_OBJC_ROOT_CLASS = YES_ERROR;
				CLANG_WARN_QUOTED_INCLUDE_IN_FRAMEWORK_HEADER = YES;
				CLANG_WARN_RANGE_LOOP_ANALYSIS = YES;
				CLANG_WARN_STRICT_PROTOTYPES = YES;
				CLANG_WARN_SUSPICIOUS_MOVE = YES;
				CLANG_WARN_UNGUARDED_AVAILABILITY = YES_AGGRESSIVE;
				CLANG_WARN_UNREACHABLE_CODE = YES;
				CLANG_WARN__DUPLICATE_METHOD_MATCH = YES;
				COPY_PHASE_STRIP = NO;
				DEBUG_INFORMATION_FORMAT = "dwarf-with-dsym";
				DEVELOPMENT_TEAM = 32M3HGS7LU;
				ENABLE_NS_ASSERTIONS = NO;
				ENABLE_STRICT_OBJC_MSGSEND = YES;
				ENABLE_USER_SCRIPT_SANDBOXING = YES;
				GCC_C_LANGUAGE_STANDARD = gnu17;
				GCC_NO_COMMON_BLOCKS = YES;
				GCC_WARN_64_TO_32_BIT_CONVERSION = YES;
				GCC_WARN_ABOUT_RETURN_TYPE = YES_ERROR;
				GCC_WARN_UNDECLARED_SELECTOR = YES;
				GCC_WARN_UNINITIALIZED_AUTOS = YES_AGGRESSIVE;
				GCC_WARN_UNUSED_FUNCTION = YES;
				GCC_WARN_UNUSED_VARIABLE = YES;
				IPHONEOS_DEPLOYMENT_TARGET = 26.2;
				LOCALIZATION_PREFERS_STRING_CATALOGS = YES;
				MTL_ENABLE_DEBUG_INFO = NO;
				MTL_FAST_MATH = YES;
				SDKROOT = iphoneos;
				SWIFT_COMPILATION_MODE = wholemodule;
				VALIDATE_PRODUCT = YES;
			};
			name = Release;
		};
		9609F1932F6111D9000602C5 /* Debug */ = {
			isa = XCBuildConfiguration;
			buildSettings = {
				ASSETCATALOG_COMPILER_APPICON_NAME = AppIcon;
				ASSETCATALOG_COMPILER_GLOBAL_ACCENT_COLOR_NAME = AccentColor;
				CODE_SIGN_ENTITLEMENTS = CollegeApp/CollegeApp.entitlements;
				CODE_SIGN_STYLE = Automatic;
				CURRENT_PROJECT_VERSION = 1;
				DEVELOPMENT_TEAM = 32M3HGS7LU;
				ENABLE_PREVIEWS = YES;
				GENERATE_INFOPLIST_FILE = YES;
				INFOPLIST_KEY_CFBundleDisplayName = "高科 Plus";
				INFOPLIST_KEY_NSLocationWhenInUseUsageDescription = "顯示您在校園中的位置，方便找到目標建築";
				INFOPLIST_KEY_UIApplicationSceneManifest_Generation = YES;
				INFOPLIST_KEY_UIApplicationSupportsIndirectInputEvents = YES;
				INFOPLIST_KEY_UILaunchScreen_Generation = YES;
				INFOPLIST_KEY_UILaunchStoryboardName = LaunchScreen;
				INFOPLIST_KEY_UISupportedInterfaceOrientations_iPad = "UIInterfaceOrientationPortrait UIInterfaceOrientationPortraitUpsideDown UIInterfaceOrientationLandscapeLeft UIInterfaceOrientationLandscapeRight";
				INFOPLIST_KEY_UISupportedInterfaceOrientations_iPhone = "UIInterfaceOrientationPortrait UIInterfaceOrientationLandscapeLeft UIInterfaceOrientationLandscapeRight";
				IPHONEOS_DEPLOYMENT_TARGET = 17.0;
				LD_RUNPATH_SEARCH_PATHS = (
					"$(inherited)",
					"@executable_path/Frameworks",
				);
				MARKETING_VERSION = 1.3.0;
				PRODUCT_BUNDLE_IDENTIFIER = com.wesleywang.CollegeApp;
				PRODUCT_NAME = "$(TARGET_NAME)";
				STRING_CATALOG_GENERATE_SYMBOLS = YES;
				SWIFT_APPROACHABLE_CONCURRENCY = YES;
				SWIFT_DEFAULT_ACTOR_ISOLATION = MainActor;
				SWIFT_EMIT_LOC_STRINGS = YES;
				SWIFT_UPCOMING_FEATURE_MEMBER_IMPORT_VISIBILITY = YES;
				SWIFT_VERSION = 5.0;
				TARGETED_DEVICE_FAMILY = "1,2";
			};
			name = Debug;
		};
		9609F1942F6111D9000602C5 /* Release */ = {
			isa = XCBuildConfiguration;
			buildSettings = {
				ASSETCATALOG_COMPILER_APPICON_NAME = AppIcon;
				ASSETCATALOG_COMPILER_GLOBAL_ACCENT_COLOR_NAME = AccentColor;
				CODE_SIGN_ENTITLEMENTS = CollegeApp/CollegeApp.entitlements;
				CODE_SIGN_STYLE = Automatic;
				CURRENT_PROJECT_VERSION = 1;
				DEVELOPMENT_TEAM = 32M3HGS7LU;
				ENABLE_PREVIEWS = YES;
				GENERATE_INFOPLIST_FILE = YES;
				INFOPLIST_KEY_CFBundleDisplayName = "高科 Plus";
				INFOPLIST_KEY_NSLocationWhenInUseUsageDescription = "顯示您在校園中的位置，方便找到目標建築";
				INFOPLIST_KEY_UIApplicationSceneManifest_Generation = YES;
				INFOPLIST_KEY_UIApplicationSupportsIndirectInputEvents = YES;
				INFOPLIST_KEY_UILaunchScreen_Generation = YES;
				INFOPLIST_KEY_UILaunchStoryboardName = LaunchScreen;
				INFOPLIST_KEY_UISupportedInterfaceOrientations_iPad = "UIInterfaceOrientationPortrait UIInterfaceOrientationPortraitUpsideDown UIInterfaceOrientationLandscapeLeft UIInterfaceOrientationLandscapeRight";
				INFOPLIST_KEY_UISupportedInterfaceOrientations_iPhone = "UIInterfaceOrientationPortrait UIInterfaceOrientationLandscapeLeft UIInterfaceOrientationLandscapeRight";
				IPHONEOS_DEPLOYMENT_TARGET = 17.0;
				LD_RUNPATH_SEARCH_PATHS = (
					"$(inherited)",
					"@executable_path/Frameworks",
				);
				MARKETING_VERSION = 1.3.0;
				PRODUCT_BUNDLE_IDENTIFIER = com.wesleywang.CollegeApp;
				PRODUCT_NAME = "$(TARGET_NAME)";
				STRING_CATALOG_GENERATE_SYMBOLS = YES;
				SWIFT_APPROACHABLE_CONCURRENCY = YES;
				SWIFT_DEFAULT_ACTOR_ISOLATION = MainActor;
				SWIFT_EMIT_LOC_STRINGS = YES;
				SWIFT_UPCOMING_FEATURE_MEMBER_IMPORT_VISIBILITY = YES;
				SWIFT_VERSION = 5.0;
				TARGETED_DEVICE_FAMILY = "1,2";
			};
			name = Release;
		};
		9609F1962F6111D9000602C5 /* Debug */ = {
			isa = XCBuildConfiguration;
			buildSettings = {
				BUNDLE_LOADER = "$(TEST_HOST)";
				CODE_SIGN_STYLE = Automatic;
				CURRENT_PROJECT_VERSION = 1;
				DEVELOPMENT_TEAM = 32M3HGS7LU;
				GENERATE_INFOPLIST_FILE = YES;
				IPHONEOS_DEPLOYMENT_TARGET = 26.2;
				MARKETING_VERSION = 1.0;
				PRODUCT_BUNDLE_IDENTIFIER = com.wesleywang.CollegeAppTests;
				PRODUCT_NAME = "$(TARGET_NAME)";
				STRING_CATALOG_GENERATE_SYMBOLS = NO;
				SWIFT_APPROACHABLE_CONCURRENCY = YES;
				SWIFT_EMIT_LOC_STRINGS = NO;
				SWIFT_UPCOMING_FEATURE_MEMBER_IMPORT_VISIBILITY = YES;
				SWIFT_VERSION = 5.0;
				TARGETED_DEVICE_FAMILY = "1,2";
				TEST_HOST = "$(BUILT_PRODUCTS_DIR)/CollegeApp.app/$(BUNDLE_EXECUTABLE_FOLDER_PATH)/CollegeApp";
			};
			name = Debug;
		};
		9609F1972F6111D9000602C5 /* Release */ = {
			isa = XCBuildConfiguration;
			buildSettings = {
				BUNDLE_LOADER = "$(TEST_HOST)";
				CODE_SIGN_STYLE = Automatic;
				CURRENT_PROJECT_VERSION = 1;
				DEVELOPMENT_TEAM = 32M3HGS7LU;
				GENERATE_INFOPLIST_FILE = YES;
				IPHONEOS_DEPLOYMENT_TARGET = 26.2;
				MARKETING_VERSION = 1.0;
				PRODUCT_BUNDLE_IDENTIFIER = com.wesleywang.CollegeAppTests;
				PRODUCT_NAME = "$(TARGET_NAME)";
				STRING_CATALOG_GENERATE_SYMBOLS = NO;
				SWIFT_APPROACHABLE_CONCURRENCY = YES;
				SWIFT_EMIT_LOC_STRINGS = NO;
				SWIFT_UPCOMING_FEATURE_MEMBER_IMPORT_VISIBILITY = YES;
				SWIFT_VERSION = 5.0;
				TARGETED_DEVICE_FAMILY = "1,2";
				TEST_HOST = "$(BUILT_PRODUCTS_DIR)/CollegeApp.app/$(BUNDLE_EXECUTABLE_FOLDER_PATH)/CollegeApp";
			};
			name = Release;
		};
		9609F1992F6111D9000602C5 /* Debug */ = {
			isa = XCBuildConfiguration;
			buildSettings = {
				CODE_SIGN_STYLE = Automatic;
				CURRENT_PROJECT_VERSION = 1;
				DEVELOPMENT_TEAM = 32M3HGS7LU;
				GENERATE_INFOPLIST_FILE = YES;
				MARKETING_VERSION = 1.0;
				PRODUCT_BUNDLE_IDENTIFIER = com.wesleywang.CollegeAppUITests;
				PRODUCT_NAME = "$(TARGET_NAME)";
				STRING_CATALOG_GENERATE_SYMBOLS = NO;
				SWIFT_APPROACHABLE_CONCURRENCY = YES;
				SWIFT_EMIT_LOC_STRINGS = NO;
				SWIFT_UPCOMING_FEATURE_MEMBER_IMPORT_VISIBILITY = YES;
				SWIFT_VERSION = 5.0;
				TARGETED_DEVICE_FAMILY = "1,2";
				TEST_TARGET_NAME = CollegeApp;
			};
			name = Debug;
		};
		9609F19A2F6111D9000602C5 /* Release */ = {
			isa = XCBuildConfiguration;
			buildSettings = {
				CODE_SIGN_STYLE = Automatic;
				CURRENT_PROJECT_VERSION = 1;
				DEVELOPMENT_TEAM = 32M3HGS7LU;
				GENERATE_INFOPLIST_FILE = YES;
				MARKETING_VERSION = 1.0;
				PRODUCT_BUNDLE_IDENTIFIER = com.wesleywang.CollegeAppUITests;
				PRODUCT_NAME = "$(TARGET_NAME)";
				STRING_CATALOG_GENERATE_SYMBOLS = NO;
				SWIFT_APPROACHABLE_CONCURRENCY = YES;
				SWIFT_EMIT_LOC_STRINGS = NO;
				SWIFT_UPCOMING_FEATURE_MEMBER_IMPORT_VISIBILITY = YES;
				SWIFT_VERSION = 5.0;
				TARGETED_DEVICE_FAMILY = "1,2";
				TEST_TARGET_NAME = CollegeApp;
			};
			name = Release;
		};
		966439822F7CC72200FCCD27 /* Debug */ = {
			isa = XCBuildConfiguration;
			buildSettings = {
				ASSETCATALOG_COMPILER_GLOBAL_ACCENT_COLOR_NAME = AccentColor;
				ASSETCATALOG_COMPILER_WIDGET_BACKGROUND_COLOR_NAME = WidgetBackground;
				CODE_SIGN_ENTITLEMENTS = CollegeAppWidgetExtension.entitlements;
				CODE_SIGN_STYLE = Automatic;
				CURRENT_PROJECT_VERSION = 1;
				DEVELOPMENT_TEAM = 32M3HGS7LU;
				GENERATE_INFOPLIST_FILE = YES;
				INFOPLIST_FILE = CollegeAppWidget/Info.plist;
				INFOPLIST_KEY_CFBundleDisplayName = CollegeAppWidget;
				INFOPLIST_KEY_NSHumanReadableCopyright = "";
				IPHONEOS_DEPLOYMENT_TARGET = 18.6;
				LD_RUNPATH_SEARCH_PATHS = (
					"$(inherited)",
					"@executable_path/Frameworks",
					"@executable_path/../../Frameworks",
				);
				MARKETING_VERSION = 1.3.0;
				PRODUCT_BUNDLE_IDENTIFIER = com.wesleywang.CollegeApp.CollegeAppWidget;
				PRODUCT_NAME = "$(TARGET_NAME)";
				SKIP_INSTALL = YES;
				STRING_CATALOG_GENERATE_SYMBOLS = YES;
				SWIFT_APPROACHABLE_CONCURRENCY = YES;
				SWIFT_EMIT_LOC_STRINGS = YES;
				SWIFT_UPCOMING_FEATURE_MEMBER_IMPORT_VISIBILITY = YES;
				SWIFT_VERSION = 5.0;
				TARGETED_DEVICE_FAMILY = "1,2";
			};
			name = Debug;
		};
		966439832F7CC72200FCCD27 /* Release */ = {
			isa = XCBuildConfiguration;
			buildSettings = {
				ASSETCATALOG_COMPILER_GLOBAL_ACCENT_COLOR_NAME = AccentColor;
				ASSETCATALOG_COMPILER_WIDGET_BACKGROUND_COLOR_NAME = WidgetBackground;
				CODE_SIGN_ENTITLEMENTS = CollegeAppWidgetExtension.entitlements;
				CODE_SIGN_STYLE = Automatic;
				CURRENT_PROJECT_VERSION = 1;
				DEVELOPMENT_TEAM = 32M3HGS7LU;
				GENERATE_INFOPLIST_FILE = YES;
				INFOPLIST_FILE = CollegeAppWidget/Info.plist;
				INFOPLIST_KEY_CFBundleDisplayName = CollegeAppWidget;
				INFOPLIST_KEY_NSHumanReadableCopyright = "";
				IPHONEOS_DEPLOYMENT_TARGET = 18.6;
				LD_RUNPATH_SEARCH_PATHS = (
					"$(inherited)",
					"@executable_path/Frameworks",
					"@executable_path/../../Frameworks",
				);
				MARKETING_VERSION = 1.3.0;
				PRODUCT_BUNDLE_IDENTIFIER = com.wesleywang.CollegeApp.CollegeAppWidget;
				PRODUCT_NAME = "$(TARGET_NAME)";
				SKIP_INSTALL = YES;
				STRING_CATALOG_GENERATE_SYMBOLS = YES;
				SWIFT_APPROACHABLE_CONCURRENCY = YES;
				SWIFT_EMIT_LOC_STRINGS = YES;
				SWIFT_UPCOMING_FEATURE_MEMBER_IMPORT_VISIBILITY = YES;
				SWIFT_VERSION = 5.0;
				TARGETED_DEVICE_FAMILY = "1,2";
			};
			name = Release;
		};
/* End XCBuildConfiguration section */

/* Begin XCConfigurationList section */
		9609F16C2F6111D3000602C5 /* Build configuration list for PBXProject "CollegeApp" */ = {
			isa = XCConfigurationList;
			buildConfigurations = (
				9609F1902F6111D9000602C5 /* Debug */,
				9609F1912F6111D9000602C5 /* Release */,
			);
			defaultConfigurationIsVisible = 0;
			defaultConfigurationName = Release;
		};
		9609F1922F6111D9000602C5 /* Build configuration list for PBXNativeTarget "CollegeApp" */ = {
			isa = XCConfigurationList;
			buildConfigurations = (
				9609F1932F6111D9000602C5 /* Debug */,
				9609F1942F6111D9000602C5 /* Release */,
			);
			defaultConfigurationIsVisible = 0;
			defaultConfigurationName = Release;
		};
		9609F1952F6111D9000602C5 /* Build configuration list for PBXNativeTarget "CollegeAppTests" */ = {
			isa = XCConfigurationList;
			buildConfigurations = (
				9609F1962F6111D9000602C5 /* Debug */,
				9609F1972F6111D9000602C5 /* Release */,
			);
			defaultConfigurationIsVisible = 0;
			defaultConfigurationName = Release;
		};
		9609F1982F6111D9000602C5 /* Build configuration list for PBXNativeTarget "CollegeAppUITests" */ = {
			isa = XCConfigurationList;
			buildConfigurations = (
				9609F1992F6111D9000602C5 /* Debug */,
				9609F19A2F6111D9000602C5 /* Release */,
			);
			defaultConfigurationIsVisible = 0;
			defaultConfigurationName = Release;
		};
		966439812F7CC72200FCCD27 /* Build configuration list for PBXNativeTarget "CollegeAppWidgetExtension" */ = {
			isa = XCConfigurationList;
			buildConfigurations = (
				966439822F7CC72200FCCD27 /* Debug */,
				966439832F7CC72200FCCD27 /* Release */,
			);
			defaultConfigurationIsVisible = 0;
			defaultConfigurationName = Release;
		};
/* End XCConfigurationList section */

/* Begin XCRemoteSwiftPackageReference section */
		9609F1B92F6267EB000602C5 /* XCRemoteSwiftPackageReference "SwiftSoup" */ = {
			isa = XCRemoteSwiftPackageReference;
			repositoryURL = "https://github.com/scinfu/SwiftSoup.git";
			requirement = {
				kind = upToNextMajorVersion;
				minimumVersion = 2.13.0;
			};
		};
/* End XCRemoteSwiftPackageReference section */

/* Begin XCSwiftPackageProductDependency section */
		9609F1BB2F6269DE000602C5 /* SwiftSoup */ = {
			isa = XCSwiftPackageProductDependency;
			package = 9609F1B92F6267EB000602C5 /* XCRemoteSwiftPackageReference "SwiftSoup" */;
			productName = SwiftSoup;
		};
/* End XCSwiftPackageProductDependency section */
	};
	rootObject = 9609F1692F6111D3000602C5 /* Project object */;
}
